
Microsoft Visual Studio Solution File, Format Version 12.00
# Visual Studio Version 17
VisualStudioVersion = 17.5.33516.290
MinimumVisualStudioVersion = 10.0.40219.1
Project("{FAE04EC0-301F-11D3-BF4B-00C04F79EFBC}") = "TP_Autos.Consola", "TP_Autos.Consola\TP_Autos.Consola.csproj", "{894E9224-4FD7-42DE-B657-D031549581B2}"
EndProject
Project("{FAE04EC0-301F-11D3-BF4B-00C04F79EFBC}") = "TP_Autos.Datos", "TP_Autos.Datos\TP_Autos.Datos.csproj", "{842C93B6-ACF0-4F51-8173-AA37BB7B7796}"
EndProject
Project("{FAE04EC0-301F-11D3-BF4B-00C04F79EFBC}") = "TP_Autos.Entidades", "TP_Autos.Entidades\TP_Autos.Entidades.csproj", "{AE1EB7E4-A39A-4292-A4B6-2FE2871BF45F}"
EndProject
Global
	GlobalSection(SolutionConfigurationPlatforms) = preSolution
		Debug|Any CPU = Debug|Any CPU
		Release|Any CPU = Release|Any CPU
	EndGlobalSection
	GlobalSection(ProjectConfigurationPlatforms) = postSolution
		{894E9224-4FD7-42DE-B657-D031549581B2}.Debug|Any CPU.ActiveCfg = Debug|Any CPU
		{894E9224-4FD7-42DE-B657-D031549581B2}.Debug|Any CPU.Build.0 = Debug|Any CPU
		{894E9224-4FD7-42DE-B657-D031549581B2}.Release|Any CPU.ActiveCfg = Release|Any CPU
		{894E9224-4FD7-42DE-B657-D031549581B2}.Release|Any CPU.Build.0 = Release|Any CPU
		{842C93B6-ACF0-4F51-8173-AA37BB7B7796}.Debug|Any CPU.ActiveCfg = Debug|Any CPU
		{842C93B6-ACF0-4F51-8173-AA37BB7B7796}.Debug|Any CPU.Build.0 = Debug|Any CPU
		{842C93B6-ACF0-4F51-8173-AA37BB7B7796}.Release|Any CPU.ActiveCfg = Release|Any CPU
		{842C93B6-ACF0-4F51-8173-AA37BB7B7796}.Release|Any CPU.Build.0 = Release|Any CPU
		{AE1EB7E4-A39A-4292-A4B6-2FE2871BF45F}.Debug|Any CPU.ActiveCfg = Debug|Any CPU
		{AE1EB7E4-A39A-4292-A4B6-2FE2871BF45F}.Debug|Any CPU.Build.0 = Debug|Any CPU
		{AE1EB7E4-A39A-4292-A4B6-2FE2871BF45F}.Release|Any CPU.ActiveCfg = Release|Any CPU
		{AE1EB7E4-A39A-4292-A4B6-2FE2871BF45F}.Release|Any CPU.Build.0 = Release|Any CPU
	EndGlobalSection
	GlobalSection(SolutionProperties) = preSolution
		HideSolutionNode = FALSE
	EndGlobalSection
	GlobalSection(ExtensibilityGlobals) = postSolution
		SolutionGuid = {9B7B0ED4-25CE-491D-8B33-4E596DEC8799}
	EndGlobalSection
EndGlobal
